
Microsoft Visual Studio Solution File, Format Version 12.00
# Visual Studio Version 17
VisualStudioVersion = 17.0.31903.59
MinimumVisualStudioVersion = 10.0.40219.1
Project("{2150E333-8FDC-42A3-9474-1A3956D46DE8}") = "src", "src", "{80F4784C-E60D-4C23-8B14-6FAE2685285B}"
EndProject
Project("{FAE04EC0-301F-11D3-BF4B-00C04F79EFBC}") = "AuthorService", "src\AuthorService\AuthorService.csproj", "{6CBA9A2D-BF34-4CDD-8601-D2F17CC8127D}"
EndProject
Project("{FAE04EC0-301F-11D3-BF4B-00C04F79EFBC}") = "BookService", "src\BookService\BookService.csproj", "{0DDA8ED1-4D5E-485F-81A6-DBF9AD535CF6}"
EndProject
Project("{FAE04EC0-301F-11D3-BF4B-00C04F79EFBC}") = "Shared", "src\Shared\Shared.csproj", "{0F611EFB-4D48-47DD-AE9B-62426A06E814}"
EndProject
Project("{FAE04EC0-301F-11D3-BF4B-00C04F79EFBC}") = "WeatherService", "src\WeatherService\WeatherService.csproj", "{59766AC2-0115-40A4-99E4-AF90ED3C7745}"
EndProject
Global
	GlobalSection(SolutionConfigurationPlatforms) = preSolution
		Debug|Any CPU = Debug|Any CPU
		Release|Any CPU = Release|Any CPU
	EndGlobalSection
	GlobalSection(SolutionProperties) = preSolution
		HideSolutionNode = FALSE
	EndGlobalSection
	GlobalSection(ProjectConfigurationPlatforms) = postSolution
		{6CBA9A2D-BF34-4CDD-8601-D2F17CC8127D}.Debug|Any CPU.ActiveCfg = Debug|Any CPU
		{6CBA9A2D-BF34-4CDD-8601-D2F17CC8127D}.Debug|Any CPU.Build.0 = Debug|Any CPU
		{6CBA9A2D-BF34-4CDD-8601-D2F17CC8127D}.Release|Any CPU.ActiveCfg = Release|Any CPU
		{6CBA9A2D-BF34-4CDD-8601-D2F17CC8127D}.Release|Any CPU.Build.0 = Release|Any CPU
		{0DDA8ED1-4D5E-485F-81A6-DBF9AD535CF6}.Debug|Any CPU.ActiveCfg = Debug|Any CPU
		{0DDA8ED1-4D5E-485F-81A6-DBF9AD535CF6}.Debug|Any CPU.Build.0 = Debug|Any CPU
		{0DDA8ED1-4D5E-485F-81A6-DBF9AD535CF6}.Release|Any CPU.ActiveCfg = Release|Any CPU
		{0DDA8ED1-4D5E-485F-81A6-DBF9AD535CF6}.Release|Any CPU.Build.0 = Release|Any CPU
		{0F611EFB-4D48-47DD-AE9B-62426A06E814}.Debug|Any CPU.ActiveCfg = Debug|Any CPU
		{0F611EFB-4D48-47DD-AE9B-62426A06E814}.Debug|Any CPU.Build.0 = Debug|Any CPU
		{0F611EFB-4D48-47DD-AE9B-62426A06E814}.Release|Any CPU.ActiveCfg = Release|Any CPU
		{0F611EFB-4D48-47DD-AE9B-62426A06E814}.Release|Any CPU.Build.0 = Release|Any CPU
		{59766AC2-0115-40A4-99E4-AF90ED3C7745}.Debug|Any CPU.ActiveCfg = Debug|Any CPU
		{59766AC2-0115-40A4-99E4-AF90ED3C7745}.Debug|Any CPU.Build.0 = Debug|Any CPU
		{59766AC2-0115-40A4-99E4-AF90ED3C7745}.Release|Any CPU.ActiveCfg = Release|Any CPU
		{59766AC2-0115-40A4-99E4-AF90ED3C7745}.Release|Any CPU.Build.0 = Release|Any CPU
	EndGlobalSection
	GlobalSection(NestedProjects) = preSolution
		{6CBA9A2D-BF34-4CDD-8601-D2F17CC8127D} = {80F4784C-E60D-4C23-8B14-6FAE2685285B}
		{0DDA8ED1-4D5E-485F-81A6-DBF9AD535CF6} = {80F4784C-E60D-4C23-8B14-6FAE2685285B}
		{0F611EFB-4D48-47DD-AE9B-62426A06E814} = {80F4784C-E60D-4C23-8B14-6FAE2685285B}
		{59766AC2-0115-40A4-99E4-AF90ED3C7745} = {80F4784C-E60D-4C23-8B14-6FAE2685285B}
	EndGlobalSection
EndGlobal
